// !$*UTF8*$!
{
	archiveVersion = 1;
	classes = {
	};
	objectVersion = 46;
	objects = {

/* Begin PBXBuildFile section */
		DA0C2B271A3A3B24009517E3 /* AppDelegate.swift in Sources */ = {isa = PBXBuildFile; fileRef = DA0C2B261A3A3B24009517E3 /* AppDelegate.swift */; };
		DA0C2B291A3A3B24009517E3 /* ViewController.swift in Sources */ = {isa = PBXBuildFile; fileRef = DA0C2B281A3A3B24009517E3 /* ViewController.swift */; };
		DA0C2B2C1A3A3B24009517E3 /* Main.storyboard in Resources */ = {isa = PBXBuildFile; fileRef = DA0C2B2A1A3A3B24009517E3 /* Main.storyboard */; };
		DA0C2B2E1A3A3B24009517E3 /* Images.xcassets in Resources */ = {isa = PBXBuildFile; fileRef = DA0C2B2D1A3A3B24009517E3 /* Images.xcassets */; };
		DA0C2B311A3A3B24009517E3 /* LaunchScreen.xib in Resources */ = {isa = PBXBuildFile; fileRef = DA0C2B2F1A3A3B24009517E3 /* LaunchScreen.xib */; };
		DA0C2B3D1A3A3B24009517E3 /* taskLab13Tests.swift in Sources */ = {isa = PBXBuildFile; fileRef = DA0C2B3C1A3A3B24009517E3 /* taskLab13Tests.swift */; };
		DA0C2B471A3A3D66009517E3 /* DataManager.swift in Sources */ = {isa = PBXBuildFile; fileRef = DA0C2B461A3A3D66009517E3 /* DataManager.swift */; };
		DA0C2B491A3A3E2A009517E3 /* Task.swift in Sources */ = {isa = PBXBuildFile; fileRef = DA0C2B481A3A3E2A009517E3 /* Task.swift */; };
/* End PBXBuildFile section */

/* Begin PBXContainerItemProxy section */
		DA0C2B371A3A3B24009517E3 /* PBXContainerItemProxy */ = {
			isa = PBXContainerItemProxy;
			containerPortal = DA0C2B191A3A3B24009517E3 /* Project object */;
			proxyType = 1;
			remoteGlobalIDString = DA0C2B201A3A3B24009517E3;
			remoteInfo = taskLab13;
		};
/* End PBXContainerItemProxy section */

/* Begin PBXFileReference section */
		DA0C2B211A3A3B24009517E3 /* taskLab13.app */ = {isa = PBXFileReference; explicitFileType = wrapper.application; includeInIndex = 0; path = taskLab13.app; sourceTree = BUILT_PRODUCTS_DIR; };
		DA0C2B251A3A3B24009517E3 /* Info.plist */ = {isa = PBXFileReference; lastKnownFileType = text.plist.xml; path = Info.plist; sourceTree = "<group>"; };
		DA0C2B261A3A3B24009517E3 /* AppDelegate.swift */ = {isa = PBXFileReference; lastKnownFileType = sourcecode.swift; path = AppDelegate.swift; sourceTree = "<group>"; };
		DA0C2B281A3A3B24009517E3 /* ViewController.swift */ = {isa = PBXFileReference; lastKnownFileType = sourcecode.swift; path = ViewController.swift; sourceTree = "<group>"; };
		DA0C2B2B1A3A3B24009517E3 /* Base */ = {isa = PBXFileReference; lastKnownFileType = file.storyboard; name = Base; path = Base.lproj/Main.storyboard; sourceTree = "<group>"; };
		DA0C2B2D1A3A3B24009517E3 /* Images.xcassets */ = {isa = PBXFileReference; lastKnownFileType = folder.assetcatalog; path = Images.xcassets; sourceTree = "<group>"; };
		DA0C2B301A3A3B24009517E3 /* Base */ = {isa = PBXFileReference; lastKnownFileType = file.xib; name = Base; path = Base.lproj/LaunchScreen.xib; sourceTree = "<group>"; };
		DA0C2B361A3A3B24009517E3 /* taskLab13Tests.xctest */ = {isa = PBXFileReference; explicitFileType = wrapper.cfbundle; includeInIndex = 0; path = taskLab13Tests.xctest; sourceTree = BUILT_PRODUCTS_DIR; };
		DA0C2B3B1A3A3B24009517E3 /* Info.plist */ = {isa = PBXFileReference; lastKnownFileType = text.plist.xml; path = Info.plist; sourceTree = "<group>"; };
		DA0C2B3C1A3A3B24009517E3 /* taskLab13Tests.swift */ = {isa = PBXFileReference; lastKnownFileType = sourcecode.swift; path = taskLab13Tests.swift; sourceTree = "<group>"; };
		DA0C2B461A3A3D66009517E3 /* DataManager.swift */ = {isa = PBXFileReference; fileEncoding = 4; lastKnownFileType = sourcecode.swift; path = DataManager.swift; sourceTree = "<group>"; };
		DA0C2B481A3A3E2A009517E3 /* Task.swift */ = {isa = PBXFileReference; fileEncoding = 4; lastKnownFileType = sourcecode.swift; path = Task.swift; sourceTree = "<group>"; };
/* End PBXFileReference section */

/* Begin PBXFrameworksBuildPhase section */
		DA0C2B1E1A3A3B24009517E3 /* Frameworks */ = {
			isa = PBXFrameworksBuildPhase;
			buildActionMask = 2147483647;
			files = (
			);
			runOnlyForDeploymentPostprocessing = 0;
		};
		DA0C2B331A3A3B24009517E3 /* Frameworks */ = {
			isa = PBXFrameworksBuildPhase;
			buildActionMask = 2147483647;
			files = (
			);
			runOnlyForDeploymentPostprocessing = 0;
		};
/* End PBXFrameworksBuildPhase section */

/* Begin PBXGroup section */
		DA0C2B181A3A3B24009517E3 = {
			isa = PBXGroup;
			children = (
				DA0C2B231A3A3B24009517E3 /* taskLab13 */,
				DA0C2B391A3A3B24009517E3 /* taskLab13Tests */,
				DA0C2B221A3A3B24009517E3 /* Products */,
			);
			sourceTree = "<group>";
		};
		DA0C2B221A3A3B24009517E3 /* Products */ = {
			isa = PBXGroup;
			children = (
				DA0C2B211A3A3B24009517E3 /* taskLab13.app */,
				DA0C2B361A3A3B24009517E3 /* taskLab13Tests.xctest */,
			);
			name = Products;
			sourceTree = "<group>";
		};
		DA0C2B231A3A3B24009517E3 /* taskLab13 */ = {
			isa = PBXGroup;
			children = (
				DA0C2B261A3A3B24009517E3 /* AppDelegate.swift */,
				DA0C2B281A3A3B24009517E3 /* ViewController.swift */,
				DA0C2B461A3A3D66009517E3 /* DataManager.swift */,
				DA0C2B481A3A3E2A009517E3 /* Task.swift */,
				DA0C2B2A1A3A3B24009517E3 /* Main.storyboard */,
				DA0C2B2D1A3A3B24009517E3 /* Images.xcassets */,
				DA0C2B2F1A3A3B24009517E3 /* LaunchScreen.xib */,
				DA0C2B241A3A3B24009517E3 /* Supporting Files */,
			);
			path = taskLab13;
			sourceTree = "<group>";
		};
		DA0C2B241A3A3B24009517E3 /* Supporting Files */ = {
			isa = PBXGroup;
			children = (
				DA0C2B251A3A3B24009517E3 /* Info.plist */,
			);
			name = "Supporting Files";
			sourceTree = "<group>";
		};
		DA0C2B391A3A3B24009517E3 /* taskLab13Tests */ = {
			isa = PBXGroup;
			children = (
				DA0C2B3C1A3A3B24009517E3 /* taskLab13Tests.swift */,
				DA0C2B3A1A3A3B24009517E3 /* Supporting Files */,
			);
			path = taskLab13Tests;
			sourceTree = "<group>";
		};
		DA0C2B3A1A3A3B24009517E3 /* Supporting Files */ = {
			isa = PBXGroup;
			children = (
				DA0C2B3B1A3A3B24009517E3 /* Info.plist */,
			);
			name = "Supporting Files";
			sourceTree = "<group>";
		};
/* End PBXGroup section */

/* Begin PBXNativeTarget section */
		DA0C2B201A3A3B24009517E3 /* taskLab13 */ = {
			isa = PBXNativeTarget;
			buildConfigurationList = DA0C2B401A3A3B24009517E3 /* Build configuration list for PBXNativeTarget "taskLab13" */;
			buildPhases = (
				DA0C2B1D1A3A3B24009517E3 /* Sources */,
				DA0C2B1E1A3A3B24009517E3 /* Frameworks */,
				DA0C2B1F1A3A3B24009517E3 /* Resources */,
			);
			buildRules = (
			);
			dependencies = (
			);
			name = taskLab13;
			productName = taskLab13;
			productReference = DA0C2B211A3A3B24009517E3 /* taskLab13.app */;
			productType = "com.apple.product-type.application";
		};
		DA0C2B351A3A3B24009517E3 /* taskLab13Tests */ = {
			isa = PBXNativeTarget;
			buildConfigurationList = DA0C2B431A3A3B24009517E3 /* Build configuration list for PBXNativeTarget "taskLab13Tests" */;
			buildPhases = (
				DA0C2B321A3A3B24009517E3 /* Sources */,
				DA0C2B331A3A3B24009517E3 /* Frameworks */,
				DA0C2B341A3A3B24009517E3 /* Resources */,
			);
			buildRules = (
			);
			dependencies = (
				DA0C2B381A3A3B24009517E3 /* PBXTargetDependency */,
			);
			name = taskLab13Tests;
			productName = taskLab13Tests;
			productReference = DA0C2B361A3A3B24009517E3 /* taskLab13Tests.xctest */;
			productType = "com.apple.product-type.bundle.unit-test";
		};
/* End PBXNativeTarget section */

/* Begin PBXProject section */
		DA0C2B191A3A3B24009517E3 /* Project object */ = {
			isa = PBXProject;
			attributes = {
				LastUpgradeCheck = 0610;
				ORGANIZATIONNAME = "Chris Fanning";
				TargetAttributes = {
					DA0C2B201A3A3B24009517E3 = {
						CreatedOnToolsVersion = 6.1.1;
					};
					DA0C2B351A3A3B24009517E3 = {
						CreatedOnToolsVersion = 6.1.1;
						TestTargetID = DA0C2B201A3A3B24009517E3;
					};
				};
			};
			buildConfigurationList = DA0C2B1C1A3A3B24009517E3 /* Build configuration list for PBXProject "taskLab13" */;
			compatibilityVersion = "Xcode 3.2";
			developmentRegion = English;
			hasScannedForEncodings = 0;
			knownRegions = (
				en,
				Base,
			);
			mainGroup = DA0C2B181A3A3B24009517E3;
			productRefGroup = DA0C2B221A3A3B24009517E3 /* Products */;
			projectDirPath = "";
			projectRoot = "";
			targets = (
				DA0C2B201A3A3B24009517E3 /* taskLab13 */,
				DA0C2B351A3A3B24009517E3 /* taskLab13Tests */,
			);
		};
/* End PBXProject section */

/* Begin PBXResourcesBuildPhase section */
		DA0C2B1F1A3A3B24009517E3 /* Resources */ = {
			isa = PBXResourcesBuildPhase;
			buildActionMask = 2147483647;
			files = (
				DA0C2B2C1A3A3B24009517E3 /* Main.storyboard in Resources */,
				DA0C2B311A3A3B24009517E3 /* LaunchScreen.xib in Resources */,
				DA0C2B2E1A3A3B24009517E3 /* Images.xcassets in Resources */,
			);
			runOnlyForDeploymentPostprocessing = 0;
		};
		DA0C2B341A3A3B24009517E3 /* Resources */ = {
			isa = PBXResourcesBuildPhase;
			buildActionMask = 2147483647;
			files = (
			);
			runOnlyForDeploymentPostprocessing = 0;
		};
/* End PBXResourcesBuildPhase section */

/* Begin PBXSourcesBuildPhase section */
		DA0C2B1D1A3A3B24009517E3 /* Sources */ = {
			isa = PBXSourcesBuildPhase;
			buildActionMask = 2147483647;
			files = (
				DA0C2B491A3A3E2A009517E3 /* Task.swift in Sources */,
				DA0C2B291A3A3B24009517E3 /* ViewController.swift in Sources */,
				DA0C2B471A3A3D66009517E3 /* DataManager.swift in Sources */,
				DA0C2B271A3A3B24009517E3 /* AppDelegate.swift in Sources */,
			);
			runOnlyForDeploymentPostprocessing = 0;
		};
		DA0C2B321A3A3B24009517E3 /* Sources */ = {
			isa = PBXSourcesBuildPhase;
			buildActionMask = 2147483647;
			files = (
				DA0C2B3D1A3A3B24009517E3 /* taskLab13Tests.swift in Sources */,
			);
			runOnlyForDeploymentPostprocessing = 0;
		};
/* End PBXSourcesBuildPhase section */

/* Begin PBXTargetDependency section */
		DA0C2B381A3A3B24009517E3 /* PBXTargetDependency */ = {
			isa = PBXTargetDependency;
			target = DA0C2B201A3A3B24009517E3 /* taskLab13 */;
			targetProxy = DA0C2B371A3A3B24009517E3 /* PBXContainerItemProxy */;
		};
/* End PBXTargetDependency section */

/* Begin PBXVariantGroup section */
		DA0C2B2A1A3A3B24009517E3 /* Main.storyboard */ = {
			isa = PBXVariantGroup;
			children = (
				DA0C2B2B1A3A3B24009517E3 /* Base */,
			);
			name = Main.storyboard;
			sourceTree = "<group>";
		};
		DA0C2B2F1A3A3B24009517E3 /* LaunchScreen.xib */ = {
			isa = PBXVariantGroup;
			children = (
				DA0C2B301A3A3B24009517E3 /* Base */,
			);
			name = LaunchScreen.xib;
			sourceTree = "<group>";
		};
/* End PBXVariantGroup section */

/* Begin XCBuildConfiguration section */
		DA0C2B3E1A3A3B24009517E3 /* Debug */ = {
			isa = XCBuildConfiguration;
			buildSettings = {
				ALWAYS_SEARCH_USER_PATHS = NO;
				CLANG_CXX_LANGUAGE_STANDARD = "gnu++0x";
				CLANG_CXX_LIBRARY = "libc++";
				CLANG_ENABLE_MODULES = YES;
				CLANG_ENABLE_OBJC_ARC = YES;
				CLANG_WARN_BOOL_CONVERSION = YES;
				CLANG_WARN_CONSTANT_CONVERSION = YES;
				CLANG_WARN_DIRECT_OBJC_ISA_USAGE = YES_ERROR;
				CLANG_WARN_EMPTY_BODY = YES;
				CLANG_WARN_ENUM_CONVERSION = YES;
				CLANG_WARN_INT_CONVERSION = YES;
				CLANG_WARN_OBJC_ROOT_CLASS = YES_ERROR;
				CLANG_WARN_UNREACHABLE_CODE = YES;
				CLANG_WARN__DUPLICATE_METHOD_MATCH = YES;
				"CODE_SIGN_IDENTITY[sdk=iphoneos*]" = "iPhone Developer";
				COPY_PHASE_STRIP = NO;
				ENABLE_STRICT_OBJC_MSGSEND = YES;
				GCC_C_LANGUAGE_STANDARD = gnu99;
				GCC_DYNAMIC_NO_PIC = NO;
				GCC_OPTIMIZATION_LEVEL = 0;
				GCC_PREPROCESSOR_DEFINITIONS = (
					"DEBUG=1",
					"$(inherited)",
				);
				GCC_SYMBOLS_PRIVATE_EXTERN = NO;
				GCC_WARN_64_TO_32_BIT_CONVERSION = YES;
				GCC_WARN_ABOUT_RETURN_TYPE = YES_ERROR;
				GCC_WARN_UNDECLARED_SELECTOR = YES;
				GCC_WARN_UNINITIALIZED_AUTOS = YES_AGGRESSIVE;
				GCC_WARN_UNUSED_FUNCTION = YES;
				GCC_WARN_UNUSED_VARIABLE = YES;
				IPHONEOS_DEPLOYMENT_TARGET = 8.1;
				MTL_ENABLE_DEBUG_INFO = YES;
				ONLY_ACTIVE_ARCH = YES;
				SDKROOT = iphoneos;
				SWIFT_OPTIMIZATION_LEVEL = "-Onone";
				TARGETED_DEVICE_FAMILY = 2;
			};
			name = Debug;
		};
		DA0C2B3F1A3A3B24009517E3 /* Release */ = {
			isa = XCBuildConfiguration;
			buildSettings = {
				ALWAYS_SEARCH_USER_PATHS = NO;
				CLANG_CXX_LANGUAGE_STANDARD = "gnu++0x";
				CLANG_CXX_LIBRARY = "libc++";
				CLANG_ENABLE_MODULES = YES;
				CLANG_ENABLE_OBJC_ARC = YES;
				CLANG_WARN_BOOL_CONVERSION = YES;
				CLANG_WARN_CONSTANT_CONVERSION = YES;
				CLANG_WARN_DIRECT_OBJC_ISA_USAGE = YES_ERROR;
				CLANG_WARN_EMPTY_BODY = YES;
				CLANG_WARN_ENUM_CONVERSION = YES;
				CLANG_WARN_INT_CONVERSION = YES;
				CLANG_WARN_OBJC_ROOT_CLASS = YES_ERROR;
				CLANG_WARN_UNREACHABLE_CODE = YES;
				CLANG_WARN__DUPLICATE_METHOD_MATCH = YES;
				"CODE_SIGN_IDENTITY[sdk=iphoneos*]" = "iPhone Developer";
				COPY_PHASE_STRIP = YES;
				ENABLE_NS_ASSERTIONS = NO;
				ENABLE_STRICT_OBJC_MSGSEND = YES;
				GCC_C_LANGUAGE_STANDARD = gnu99;
				GCC_WARN_64_TO_32_BIT_CONVERSION = YES;
				GCC_WARN_ABOUT_RETURN_TYPE = YES_ERROR;
				GCC_WARN_UNDECLARED_SELECTOR = YES;
				GCC_WARN_UNINITIALIZED_AUTOS = YES_AGGRESSIVE;
				GCC_WARN_UNUSED_FUNCTION = YES;
				GCC_WARN_UNUSED_VARIABLE = YES;
				IPHONEOS_DEPLOYMENT_TARGET = 8.1;
				MTL_ENABLE_DEBUG_INFO = NO;
				SDKROOT = iphoneos;
				TARGETED_DEVICE_FAMILY = 2;
				VALIDATE_PRODUCT = YES;
			};
			name = Release;
		};
		DA0C2B411A3A3B24009517E3 /* Debug */ = {
			isa = XCBuildConfiguration;
			buildSettings = {
				ASSETCATALOG_COMPILER_APPICON_NAME = AppIcon;
				INFOPLIST_FILE = taskLab13/Info.plist;
				LD_RUNPATH_SEARCH_PATHS = "$(inherited) @executable_path/Frameworks";
				PRODUCT_NAME = "$(TARGET_NAME)";
				TARGETED_DEVICE_FAMILY = 2;
			};
			name = Debug;
		};
		DA0C2B421A3A3B24009517E3 /* Release */ = {
			isa = XCBuildConfiguration;
			buildSettings = {
				ASSETCATALOG_COMPILER_APPICON_NAME = AppIcon;
				INFOPLIST_FILE = taskLab13/Info.plist;
				LD_RUNPATH_SEARCH_PATHS = "$(inherited) @executable_path/Frameworks";
				PRODUCT_NAME = "$(TARGET_NAME)";
				TARGETED_DEVICE_FAMILY = 2;
			};
			name = Release;
		};
		DA0C2B441A3A3B24009517E3 /* Debug */ = {
			isa = XCBuildConfiguration;
			buildSettings = {
				BUNDLE_LOADER = "$(TEST_HOST)";
				FRAMEWORK_SEARCH_PATHS = (
					"$(SDKROOT)/Developer/Library/Frameworks",
					"$(inherited)",
				);
				GCC_PREPROCESSOR_DEFINITIONS = (
					"DEBUG=1",
					"$(inherited)",
				);
				INFOPLIST_FILE = taskLab13Tests/Info.plist;
				LD_RUNPATH_SEARCH_PATHS = "$(inherited) @executable_path/Frameworks @loader_path/Frameworks";
				PRODUCT_NAME = "$(TARGET_NAME)";
				TEST_HOST = "$(BUILT_PRODUCTS_DIR)/taskLab13.app/taskLab13";
			};
			name = Debug;
		};
		DA0C2B451A3A3B24009517E3 /* Release */ = {
			isa = XCBuildConfiguration;
			buildSettings = {
				BUNDLE_LOADER = "$(TEST_HOST)";
				FRAMEWORK_SEARCH_PATHS = (
					"$(SDKROOT)/Developer/Library/Frameworks",
					"$(inherited)",
				);
				INFOPLIST_FILE = taskLab13Tests/Info.plist;
				LD_RUNPATH_SEARCH_PATHS = "$(inherited) @executable_path/Frameworks @loader_path/Frameworks";
				PRODUCT_NAME = "$(TARGET_NAME)";
				TEST_HOST = "$(BUILT_PRODUCTS_DIR)/taskLab13.app/taskLab13";
			};
			name = Release;
		};
/* End XCBuildConfiguration section */

/* Begin XCConfigurationList section */
		DA0C2B1C1A3A3B24009517E3 /* Build configuration list for PBXProject "taskLab13" */ = {
			isa = XCConfigurationList;
			buildConfigurations = (
				DA0C2B3E1A3A3B24009517E3 /* Debug */,
				DA0C2B3F1A3A3B24009517E3 /* Release */,
			);
			defaultConfigurationIsVisible = 0;
			defaultConfigurationName = Release;
		};
		DA0C2B401A3A3B24009517E3 /* Build configuration list for PBXNativeTarget "taskLab13" */ = {
			isa = XCConfigurationList;
			buildConfigurations = (
				DA0C2B411A3A3B24009517E3 /* Debug */,
				DA0C2B421A3A3B24009517E3 /* Release */,
			);
			defaultConfigurationIsVisible = 0;
		};
		DA0C2B431A3A3B24009517E3 /* Build configuration list for PBXNativeTarget "taskLab13Tests" */ = {
			isa = XCConfigurationList;
			buildConfigurations = (
				DA0C2B441A3A3B24009517E3 /* Debug */,
				DA0C2B451A3A3B24009517E3 /* Release */,
			);
			defaultConfigurationIsVisible = 0;
		};
/* End XCConfigurationList section */
	};
	rootObject = DA0C2B191A3A3B24009517E3 /* Project object */;
}
