// !$*UTF8*$!
{
	archiveVersion = 1;
	classes = {
	};
	objectVersion = 46;
	objects = {

/* Begin PBXBuildFile section */
		4F1967B31A22EFAA005C3788 /* AppDelegate.swift in Sources */ = {isa = PBXBuildFile; fileRef = 4F1967B21A22EFAA005C3788 /* AppDelegate.swift */; };
		4F1967B51A22EFAA005C3788 /* ViewController.swift in Sources */ = {isa = PBXBuildFile; fileRef = 4F1967B41A22EFAA005C3788 /* ViewController.swift */; };
		4F1967B81A22EFAA005C3788 /* Main.storyboard in Resources */ = {isa = PBXBuildFile; fileRef = 4F1967B61A22EFAA005C3788 /* Main.storyboard */; };
		4F1967BA1A22EFAA005C3788 /* Images.xcassets in Resources */ = {isa = PBXBuildFile; fileRef = 4F1967B91A22EFAA005C3788 /* Images.xcassets */; };
		4F1967BD1A22EFAA005C3788 /* LaunchScreen.xib in Resources */ = {isa = PBXBuildFile; fileRef = 4F1967BB1A22EFAA005C3788 /* LaunchScreen.xib */; };
		4F1967C91A22EFAA005C3788 /* lab10AnimationsTests.swift in Sources */ = {isa = PBXBuildFile; fileRef = 4F1967C81A22EFAA005C3788 /* lab10AnimationsTests.swift */; };
		4F1967D31A22F3F8005C3788 /* ball.jpg in Resources */ = {isa = PBXBuildFile; fileRef = 4F1967D21A22F3F8005C3788 /* ball.jpg */; };
/* End PBXBuildFile section */

/* Begin PBXContainerItemProxy section */
		4F1967C31A22EFAA005C3788 /* PBXContainerItemProxy */ = {
			isa = PBXContainerItemProxy;
			containerPortal = 4F1967A51A22EFAA005C3788 /* Project object */;
			proxyType = 1;
			remoteGlobalIDString = 4F1967AC1A22EFAA005C3788;
			remoteInfo = lab10Animations;
		};
/* End PBXContainerItemProxy section */

/* Begin PBXFileReference section */
		4F1967AD1A22EFAA005C3788 /* lab10Animations.app */ = {isa = PBXFileReference; explicitFileType = wrapper.application; includeInIndex = 0; path = lab10Animations.app; sourceTree = BUILT_PRODUCTS_DIR; };
		4F1967B11A22EFAA005C3788 /* Info.plist */ = {isa = PBXFileReference; lastKnownFileType = text.plist.xml; path = Info.plist; sourceTree = "<group>"; };
		4F1967B21A22EFAA005C3788 /* AppDelegate.swift */ = {isa = PBXFileReference; lastKnownFileType = sourcecode.swift; path = AppDelegate.swift; sourceTree = "<group>"; };
		4F1967B41A22EFAA005C3788 /* ViewController.swift */ = {isa = PBXFileReference; lastKnownFileType = sourcecode.swift; path = ViewController.swift; sourceTree = "<group>"; };
		4F1967B71A22EFAA005C3788 /* Base */ = {isa = PBXFileReference; lastKnownFileType = file.storyboard; name = Base; path = Base.lproj/Main.storyboard; sourceTree = "<group>"; };
		4F1967B91A22EFAA005C3788 /* Images.xcassets */ = {isa = PBXFileReference; lastKnownFileType = folder.assetcatalog; path = Images.xcassets; sourceTree = "<group>"; };
		4F1967BC1A22EFAA005C3788 /* Base */ = {isa = PBXFileReference; lastKnownFileType = file.xib; name = Base; path = Base.lproj/LaunchScreen.xib; sourceTree = "<group>"; };
		4F1967C21A22EFAA005C3788 /* lab10AnimationsTests.xctest */ = {isa = PBXFileReference; explicitFileType = wrapper.cfbundle; includeInIndex = 0; path = lab10AnimationsTests.xctest; sourceTree = BUILT_PRODUCTS_DIR; };
		4F1967C71A22EFAA005C3788 /* Info.plist */ = {isa = PBXFileReference; lastKnownFileType = text.plist.xml; path = Info.plist; sourceTree = "<group>"; };
		4F1967C81A22EFAA005C3788 /* lab10AnimationsTests.swift */ = {isa = PBXFileReference; lastKnownFileType = sourcecode.swift; path = lab10AnimationsTests.swift; sourceTree = "<group>"; };
		4F1967D21A22F3F8005C3788 /* ball.jpg */ = {isa = PBXFileReference; lastKnownFileType = image.jpeg; path = ball.jpg; sourceTree = "<group>"; };
/* End PBXFileReference section */

/* Begin PBXFrameworksBuildPhase section */
		4F1967AA1A22EFAA005C3788 /* Frameworks */ = {
			isa = PBXFrameworksBuildPhase;
			buildActionMask = 2147483647;
			files = (
			);
			runOnlyForDeploymentPostprocessing = 0;
		};
		4F1967BF1A22EFAA005C3788 /* Frameworks */ = {
			isa = PBXFrameworksBuildPhase;
			buildActionMask = 2147483647;
			files = (
			);
			runOnlyForDeploymentPostprocessing = 0;
		};
/* End PBXFrameworksBuildPhase section */

/* Begin PBXGroup section */
		4F1967A41A22EFA9005C3788 = {
			isa = PBXGroup;
			children = (
				4F1967AF1A22EFAA005C3788 /* lab10Animations */,
				4F1967C51A22EFAA005C3788 /* lab10AnimationsTests */,
				4F1967AE1A22EFAA005C3788 /* Products */,
			);
			sourceTree = "<group>";
		};
		4F1967AE1A22EFAA005C3788 /* Products */ = {
			isa = PBXGroup;
			children = (
				4F1967AD1A22EFAA005C3788 /* lab10Animations.app */,
				4F1967C21A22EFAA005C3788 /* lab10AnimationsTests.xctest */,
			);
			name = Products;
			sourceTree = "<group>";
		};
		4F1967AF1A22EFAA005C3788 /* lab10Animations */ = {
			isa = PBXGroup;
			children = (
				4F1967B21A22EFAA005C3788 /* AppDelegate.swift */,
				4F1967B41A22EFAA005C3788 /* ViewController.swift */,
				4F1967B61A22EFAA005C3788 /* Main.storyboard */,
				4F1967B91A22EFAA005C3788 /* Images.xcassets */,
				4F1967BB1A22EFAA005C3788 /* LaunchScreen.xib */,
				4F1967B01A22EFAA005C3788 /* Supporting Files */,
			);
			path = lab10Animations;
			sourceTree = "<group>";
		};
		4F1967B01A22EFAA005C3788 /* Supporting Files */ = {
			isa = PBXGroup;
			children = (
				4F1967D21A22F3F8005C3788 /* ball.jpg */,
				4F1967B11A22EFAA005C3788 /* Info.plist */,
			);
			name = "Supporting Files";
			sourceTree = "<group>";
		};
		4F1967C51A22EFAA005C3788 /* lab10AnimationsTests */ = {
			isa = PBXGroup;
			children = (
				4F1967C81A22EFAA005C3788 /* lab10AnimationsTests.swift */,
				4F1967C61A22EFAA005C3788 /* Supporting Files */,
			);
			path = lab10AnimationsTests;
			sourceTree = "<group>";
		};
		4F1967C61A22EFAA005C3788 /* Supporting Files */ = {
			isa = PBXGroup;
			children = (
				4F1967C71A22EFAA005C3788 /* Info.plist */,
			);
			name = "Supporting Files";
			sourceTree = "<group>";
		};
/* End PBXGroup section */

/* Begin PBXNativeTarget section */
		4F1967AC1A22EFAA005C3788 /* lab10Animations */ = {
			isa = PBXNativeTarget;
			buildConfigurationList = 4F1967CC1A22EFAA005C3788 /* Build configuration list for PBXNativeTarget "lab10Animations" */;
			buildPhases = (
				4F1967A91A22EFAA005C3788 /* Sources */,
				4F1967AA1A22EFAA005C3788 /* Frameworks */,
				4F1967AB1A22EFAA005C3788 /* Resources */,
			);
			buildRules = (
			);
			dependencies = (
			);
			name = lab10Animations;
			productName = lab10Animations;
			productReference = 4F1967AD1A22EFAA005C3788 /* lab10Animations.app */;
			productType = "com.apple.product-type.application";
		};
		4F1967C11A22EFAA005C3788 /* lab10AnimationsTests */ = {
			isa = PBXNativeTarget;
			buildConfigurationList = 4F1967CF1A22EFAA005C3788 /* Build configuration list for PBXNativeTarget "lab10AnimationsTests" */;
			buildPhases = (
				4F1967BE1A22EFAA005C3788 /* Sources */,
				4F1967BF1A22EFAA005C3788 /* Frameworks */,
				4F1967C01A22EFAA005C3788 /* Resources */,
			);
			buildRules = (
			);
			dependencies = (
				4F1967C41A22EFAA005C3788 /* PBXTargetDependency */,
			);
			name = lab10AnimationsTests;
			productName = lab10AnimationsTests;
			productReference = 4F1967C21A22EFAA005C3788 /* lab10AnimationsTests.xctest */;
			productType = "com.apple.product-type.bundle.unit-test";
		};
/* End PBXNativeTarget section */

/* Begin PBXProject section */
		4F1967A51A22EFAA005C3788 /* Project object */ = {
			isa = PBXProject;
			attributes = {
				LastUpgradeCheck = 0610;
				ORGANIZATIONNAME = Chris;
				TargetAttributes = {
					4F1967AC1A22EFAA005C3788 = {
						CreatedOnToolsVersion = 6.1;
					};
					4F1967C11A22EFAA005C3788 = {
						CreatedOnToolsVersion = 6.1;
						TestTargetID = 4F1967AC1A22EFAA005C3788;
					};
				};
			};
			buildConfigurationList = 4F1967A81A22EFAA005C3788 /* Build configuration list for PBXProject "lab10Animations" */;
			compatibilityVersion = "Xcode 3.2";
			developmentRegion = English;
			hasScannedForEncodings = 0;
			knownRegions = (
				en,
				Base,
			);
			mainGroup = 4F1967A41A22EFA9005C3788;
			productRefGroup = 4F1967AE1A22EFAA005C3788 /* Products */;
			projectDirPath = "";
			projectRoot = "";
			targets = (
				4F1967AC1A22EFAA005C3788 /* lab10Animations */,
				4F1967C11A22EFAA005C3788 /* lab10AnimationsTests */,
			);
		};
/* End PBXProject section */

/* Begin PBXResourcesBuildPhase section */
		4F1967AB1A22EFAA005C3788 /* Resources */ = {
			isa = PBXResourcesBuildPhase;
			buildActionMask = 2147483647;
			files = (
				4F1967B81A22EFAA005C3788 /* Main.storyboard in Resources */,
				4F1967BD1A22EFAA005C3788 /* LaunchScreen.xib in Resources */,
				4F1967D31A22F3F8005C3788 /* ball.jpg in Resources */,
				4F1967BA1A22EFAA005C3788 /* Images.xcassets in Resources */,
			);
			runOnlyForDeploymentPostprocessing = 0;
		};
		4F1967C01A22EFAA005C3788 /* Resources */ = {
			isa = PBXResourcesBuildPhase;
			buildActionMask = 2147483647;
			files = (
			);
			runOnlyForDeploymentPostprocessing = 0;
		};
/* End PBXResourcesBuildPhase section */

/* Begin PBXSourcesBuildPhase section */
		4F1967A91A22EFAA005C3788 /* Sources */ = {
			isa = PBXSourcesBuildPhase;
			buildActionMask = 2147483647;
			files = (
				4F1967B51A22EFAA005C3788 /* ViewController.swift in Sources */,
				4F1967B31A22EFAA005C3788 /* AppDelegate.swift in Sources */,
			);
			runOnlyForDeploymentPostprocessing = 0;
		};
		4F1967BE1A22EFAA005C3788 /* Sources */ = {
			isa = PBXSourcesBuildPhase;
			buildActionMask = 2147483647;
			files = (
				4F1967C91A22EFAA005C3788 /* lab10AnimationsTests.swift in Sources */,
			);
			runOnlyForDeploymentPostprocessing = 0;
		};
/* End PBXSourcesBuildPhase section */

/* Begin PBXTargetDependency section */
		4F1967C41A22EFAA005C3788 /* PBXTargetDependency */ = {
			isa = PBXTargetDependency;
			target = 4F1967AC1A22EFAA005C3788 /* lab10Animations */;
			targetProxy = 4F1967C31A22EFAA005C3788 /* PBXContainerItemProxy */;
		};
/* End PBXTargetDependency section */

/* Begin PBXVariantGroup section */
		4F1967B61A22EFAA005C3788 /* Main.storyboard */ = {
			isa = PBXVariantGroup;
			children = (
				4F1967B71A22EFAA005C3788 /* Base */,
			);
			name = Main.storyboard;
			sourceTree = "<group>";
		};
		4F1967BB1A22EFAA005C3788 /* LaunchScreen.xib */ = {
			isa = PBXVariantGroup;
			children = (
				4F1967BC1A22EFAA005C3788 /* Base */,
			);
			name = LaunchScreen.xib;
			sourceTree = "<group>";
		};
/* End PBXVariantGroup section */

/* Begin XCBuildConfiguration section */
		4F1967CA1A22EFAA005C3788 /* Debug */ = {
			isa = XCBuildConfiguration;
			buildSettings = {
				ALWAYS_SEARCH_USER_PATHS = NO;
				CLANG_CXX_LANGUAGE_STANDARD = "gnu++0x";
				CLANG_CXX_LIBRARY = "libc++";
				CLANG_ENABLE_MODULES = YES;
				CLANG_ENABLE_OBJC_ARC = YES;
				CLANG_WARN_BOOL_CONVERSION = YES;
				CLANG_WARN_CONSTANT_CONVERSION = YES;
				CLANG_WARN_DIRECT_OBJC_ISA_USAGE = YES_ERROR;
				CLANG_WARN_EMPTY_BODY = YES;
				CLANG_WARN_ENUM_CONVERSION = YES;
				CLANG_WARN_INT_CONVERSION = YES;
				CLANG_WARN_OBJC_ROOT_CLASS = YES_ERROR;
				CLANG_WARN_UNREACHABLE_CODE = YES;
				CLANG_WARN__DUPLICATE_METHOD_MATCH = YES;
				"CODE_SIGN_IDENTITY[sdk=iphoneos*]" = "iPhone Developer";
				COPY_PHASE_STRIP = NO;
				ENABLE_STRICT_OBJC_MSGSEND = YES;
				GCC_C_LANGUAGE_STANDARD = gnu99;
				GCC_DYNAMIC_NO_PIC = NO;
				GCC_OPTIMIZATION_LEVEL = 0;
				GCC_PREPROCESSOR_DEFINITIONS = (
					"DEBUG=1",
					"$(inherited)",
				);
				GCC_SYMBOLS_PRIVATE_EXTERN = NO;
				GCC_WARN_64_TO_32_BIT_CONVERSION = YES;
				GCC_WARN_ABOUT_RETURN_TYPE = YES_ERROR;
				GCC_WARN_UNDECLARED_SELECTOR = YES;
				GCC_WARN_UNINITIALIZED_AUTOS = YES_AGGRESSIVE;
				GCC_WARN_UNUSED_FUNCTION = YES;
				GCC_WARN_UNUSED_VARIABLE = YES;
				IPHONEOS_DEPLOYMENT_TARGET = 8.1;
				MTL_ENABLE_DEBUG_INFO = YES;
				ONLY_ACTIVE_ARCH = YES;
				SDKROOT = iphoneos;
				SWIFT_OPTIMIZATION_LEVEL = "-Onone";
				TARGETED_DEVICE_FAMILY = 2;
			};
			name = Debug;
		};
		4F1967CB1A22EFAA005C3788 /* Release */ = {
			isa = XCBuildConfiguration;
			buildSettings = {
				ALWAYS_SEARCH_USER_PATHS = NO;
				CLANG_CXX_LANGUAGE_STANDARD = "gnu++0x";
				CLANG_CXX_LIBRARY = "libc++";
				CLANG_ENABLE_MODULES = YES;
				CLANG_ENABLE_OBJC_ARC = YES;
				CLANG_WARN_BOOL_CONVERSION = YES;
				CLANG_WARN_CONSTANT_CONVERSION = YES;
				CLANG_WARN_DIRECT_OBJC_ISA_USAGE = YES_ERROR;
				CLANG_WARN_EMPTY_BODY = YES;
				CLANG_WARN_ENUM_CONVERSION = YES;
				CLANG_WARN_INT_CONVERSION = YES;
				CLANG_WARN_OBJC_ROOT_CLASS = YES_ERROR;
				CLANG_WARN_UNREACHABLE_CODE = YES;
				CLANG_WARN__DUPLICATE_METHOD_MATCH = YES;
				"CODE_SIGN_IDENTITY[sdk=iphoneos*]" = "iPhone Developer";
				COPY_PHASE_STRIP = YES;
				ENABLE_NS_ASSERTIONS = NO;
				ENABLE_STRICT_OBJC_MSGSEND = YES;
				GCC_C_LANGUAGE_STANDARD = gnu99;
				GCC_WARN_64_TO_32_BIT_CONVERSION = YES;
				GCC_WARN_ABOUT_RETURN_TYPE = YES_ERROR;
				GCC_WARN_UNDECLARED_SELECTOR = YES;
				GCC_WARN_UNINITIALIZED_AUTOS = YES_AGGRESSIVE;
				GCC_WARN_UNUSED_FUNCTION = YES;
				GCC_WARN_UNUSED_VARIABLE = YES;
				IPHONEOS_DEPLOYMENT_TARGET = 8.1;
				MTL_ENABLE_DEBUG_INFO = NO;
				SDKROOT = iphoneos;
				TARGETED_DEVICE_FAMILY = 2;
				VALIDATE_PRODUCT = YES;
			};
			name = Release;
		};
		4F1967CD1A22EFAA005C3788 /* Debug */ = {
			isa = XCBuildConfiguration;
			buildSettings = {
				ASSETCATALOG_COMPILER_APPICON_NAME = AppIcon;
				INFOPLIST_FILE = lab10Animations/Info.plist;
				LD_RUNPATH_SEARCH_PATHS = "$(inherited) @executable_path/Frameworks";
				PRODUCT_NAME = "$(TARGET_NAME)";
			};
			name = Debug;
		};
		4F1967CE1A22EFAA005C3788 /* Release */ = {
			isa = XCBuildConfiguration;
			buildSettings = {
				ASSETCATALOG_COMPILER_APPICON_NAME = AppIcon;
				INFOPLIST_FILE = lab10Animations/Info.plist;
				LD_RUNPATH_SEARCH_PATHS = "$(inherited) @executable_path/Frameworks";
				PRODUCT_NAME = "$(TARGET_NAME)";
			};
			name = Release;
		};
		4F1967D01A22EFAA005C3788 /* Debug */ = {
			isa = XCBuildConfiguration;
			buildSettings = {
				BUNDLE_LOADER = "$(TEST_HOST)";
				FRAMEWORK_SEARCH_PATHS = (
					"$(SDKROOT)/Developer/Library/Frameworks",
					"$(inherited)",
				);
				GCC_PREPROCESSOR_DEFINITIONS = (
					"DEBUG=1",
					"$(inherited)",
				);
				INFOPLIST_FILE = lab10AnimationsTests/Info.plist;
				LD_RUNPATH_SEARCH_PATHS = "$(inherited) @executable_path/Frameworks @loader_path/Frameworks";
				PRODUCT_NAME = "$(TARGET_NAME)";
				TEST_HOST = "$(BUILT_PRODUCTS_DIR)/lab10Animations.app/lab10Animations";
			};
			name = Debug;
		};
		4F1967D11A22EFAA005C3788 /* Release */ = {
			isa = XCBuildConfiguration;
			buildSettings = {
				BUNDLE_LOADER = "$(TEST_HOST)";
				FRAMEWORK_SEARCH_PATHS = (
					"$(SDKROOT)/Developer/Library/Frameworks",
					"$(inherited)",
				);
				INFOPLIST_FILE = lab10AnimationsTests/Info.plist;
				LD_RUNPATH_SEARCH_PATHS = "$(inherited) @executable_path/Frameworks @loader_path/Frameworks";
				PRODUCT_NAME = "$(TARGET_NAME)";
				TEST_HOST = "$(BUILT_PRODUCTS_DIR)/lab10Animations.app/lab10Animations";
			};
			name = Release;
		};
/* End XCBuildConfiguration section */

/* Begin XCConfigurationList section */
		4F1967A81A22EFAA005C3788 /* Build configuration list for PBXProject "lab10Animations" */ = {
			isa = XCConfigurationList;
			buildConfigurations = (
				4F1967CA1A22EFAA005C3788 /* Debug */,
				4F1967CB1A22EFAA005C3788 /* Release */,
			);
			defaultConfigurationIsVisible = 0;
			defaultConfigurationName = Release;
		};
		4F1967CC1A22EFAA005C3788 /* Build configuration list for PBXNativeTarget "lab10Animations" */ = {
			isa = XCConfigurationList;
			buildConfigurations = (
				4F1967CD1A22EFAA005C3788 /* Debug */,
				4F1967CE1A22EFAA005C3788 /* Release */,
			);
			defaultConfigurationIsVisible = 0;
		};
		4F1967CF1A22EFAA005C3788 /* Build configuration list for PBXNativeTarget "lab10AnimationsTests" */ = {
			isa = XCConfigurationList;
			buildConfigurations = (
				4F1967D01A22EFAA005C3788 /* Debug */,
				4F1967D11A22EFAA005C3788 /* Release */,
			);
			defaultConfigurationIsVisible = 0;
		};
/* End XCConfigurationList section */
	};
	rootObject = 4F1967A51A22EFAA005C3788 /* Project object */;
}
